
Microsoft Visual Studio Solution File, Format Version 12.00
# Visual Studio Version 17
VisualStudioVersion = 17.3.32819.101
MinimumVisualStudioVersion = 10.0.40219.1
Project("{FAE04EC0-301F-11D3-BF4B-00C04F79EFBC}") = "prometheuslab", "prometheuslab.csproj", "{B0750DB4-2401-428B-A4DE-EB1B9CE4E5B9}"
EndProject
Global
	GlobalSection(SolutionConfigurationPlatforms) = preSolution
		Debug|Any CPU = Debug|Any CPU
		Release|Any CPU = Release|Any CPU
	EndGlobalSection
	GlobalSection(ProjectConfigurationPlatforms) = postSolution
		{B0750DB4-2401-428B-A4DE-EB1B9CE4E5B9}.Debug|Any CPU.ActiveCfg = Debug|Any CPU
		{B0750DB4-2401-428B-A4DE-EB1B9CE4E5B9}.Debug|Any CPU.Build.0 = Debug|Any CPU
		{B0750DB4-2401-428B-A4DE-EB1B9CE4E5B9}.Release|Any CPU.ActiveCfg = Release|Any CPU
		{B0750DB4-2401-428B-A4DE-EB1B9CE4E5B9}.Release|Any CPU.Build.0 = Release|Any CPU
	EndGlobalSection
	GlobalSection(SolutionProperties) = preSolution
		HideSolutionNode = FALSE
	EndGlobalSection
	GlobalSection(ExtensibilityGlobals) = postSolution
		SolutionGuid = {F1C06C31-FDC6-4715-ABF1-2AF5C4712215}
	EndGlobalSection
EndGlobal
